
Microsoft Visual Studio Solution File, Format Version 12.00
# Visual Studio Version 17
VisualStudioVersion = 17.8.34330.188
MinimumVisualStudioVersion = 10.0.40219.1
Project("{9A19103F-16F7-4668-BE54-9A1E7A4F7556}") = "AdvancedAsync", "AdvancedAsync\AdvancedAsync.csproj", "{925F384F-C1CF-4BFD-90F3-DBCA59AB3F93}"
EndProject
Project("{FAE04EC0-301F-11D3-BF4B-00C04F79EFBC}") = "WpfApp1", "WpfApp1\WpfApp1.csproj", "{7136E0CC-D64C-4575-9BF2-F003D30A6550}"
EndProject
Project("{FAE04EC0-301F-11D3-BF4B-00C04F79EFBC}") = "Demo2", "Demo2\Demo2.csproj", "{C1C99417-4DBC-4FC7-98E0-188171192AB8}"
EndProject
Project("{FAE04EC0-301F-11D3-BF4B-00C04F79EFBC}") = "Demo3AsyncLambda", "Demo3AsyncLambda\Demo3AsyncLambda.csproj", "{A5F196FF-1302-4B82-A177-553B95BD2414}"
EndProject
Global
	GlobalSection(SolutionConfigurationPlatforms) = preSolution
		Debug|Any CPU = Debug|Any CPU
		Release|Any CPU = Release|Any CPU
	EndGlobalSection
	GlobalSection(ProjectConfigurationPlatforms) = postSolution
		{925F384F-C1CF-4BFD-90F3-DBCA59AB3F93}.Debug|Any CPU.ActiveCfg = Debug|Any CPU
		{925F384F-C1CF-4BFD-90F3-DBCA59AB3F93}.Debug|Any CPU.Build.0 = Debug|Any CPU
		{925F384F-C1CF-4BFD-90F3-DBCA59AB3F93}.Release|Any CPU.ActiveCfg = Release|Any CPU
		{925F384F-C1CF-4BFD-90F3-DBCA59AB3F93}.Release|Any CPU.Build.0 = Release|Any CPU
		{7136E0CC-D64C-4575-9BF2-F003D30A6550}.Debug|Any CPU.ActiveCfg = Debug|Any CPU
		{7136E0CC-D64C-4575-9BF2-F003D30A6550}.Debug|Any CPU.Build.0 = Debug|Any CPU
		{7136E0CC-D64C-4575-9BF2-F003D30A6550}.Release|Any CPU.ActiveCfg = Release|Any CPU
		{7136E0CC-D64C-4575-9BF2-F003D30A6550}.Release|Any CPU.Build.0 = Release|Any CPU
		{C1C99417-4DBC-4FC7-98E0-188171192AB8}.Debug|Any CPU.ActiveCfg = Debug|Any CPU
		{C1C99417-4DBC-4FC7-98E0-188171192AB8}.Debug|Any CPU.Build.0 = Debug|Any CPU
		{C1C99417-4DBC-4FC7-98E0-188171192AB8}.Release|Any CPU.ActiveCfg = Release|Any CPU
		{C1C99417-4DBC-4FC7-98E0-188171192AB8}.Release|Any CPU.Build.0 = Release|Any CPU
		{A5F196FF-1302-4B82-A177-553B95BD2414}.Debug|Any CPU.ActiveCfg = Debug|Any CPU
		{A5F196FF-1302-4B82-A177-553B95BD2414}.Debug|Any CPU.Build.0 = Debug|Any CPU
		{A5F196FF-1302-4B82-A177-553B95BD2414}.Release|Any CPU.ActiveCfg = Release|Any CPU
		{A5F196FF-1302-4B82-A177-553B95BD2414}.Release|Any CPU.Build.0 = Release|Any CPU
	EndGlobalSection
	GlobalSection(SolutionProperties) = preSolution
		HideSolutionNode = FALSE
	EndGlobalSection
	GlobalSection(ExtensibilityGlobals) = postSolution
		SolutionGuid = {8163C7D3-8E78-4535-9BEE-5E2FF48F8FE2}
	EndGlobalSection
EndGlobal
